
Microsoft Visual Studio Solution File, Format Version 12.00
# Visual Studio Version 16
VisualStudioVersion = 16.0.31702.278
MinimumVisualStudioVersion = 10.0.40219.1
Project("{FAE04EC0-301F-11D3-BF4B-00C04F79EFBC}") = "labs_", "labs_\labs_.csproj", "{024B9C75-B089-40E2-BEB7-0FA4D3624994}"
EndProject
Project("{FAE04EC0-301F-11D3-BF4B-00C04F79EFBC}") = "laba2", "laba2\laba2.csproj", "{9C7BBAF3-DD1E-460A-A273-CF9A12D4E809}"
EndProject
Project("{FAE04EC0-301F-11D3-BF4B-00C04F79EFBC}") = "Lab3", "Lab3\Lab3.csproj", "{9B98175C-4473-4687-AD6D-7DD055116E6B}"
EndProject
Project("{FAE04EC0-301F-11D3-BF4B-00C04F79EFBC}") = "Lab4", "Lab4\Lab4.csproj", "{8EF66D3F-7AC3-40A2-B139-327455F364C8}"
EndProject
Project("{FAE04EC0-301F-11D3-BF4B-00C04F79EFBC}") = "Lab5", "Lab5\Lab5.csproj", "{31C62076-74E5-43A3-8170-4BCB8545DDF5}"
EndProject
Project("{FAE04EC0-301F-11D3-BF4B-00C04F79EFBC}") = "Lab6", "Lab6\Lab6.csproj", "{92D4A88B-B1BB-4FD7-BC20-0578BD2E0F46}"
EndProject
Project("{FAE04EC0-301F-11D3-BF4B-00C04F79EFBC}") = "Lab7", "Lab7\Lab7.csproj", "{65D178A8-4599-40F1-B0D7-1DEF6051DF19}"
EndProject
Project("{FAE04EC0-301F-11D3-BF4B-00C04F79EFBC}") = "Lab8", "Lab8\Lab8.csproj", "{51A0D6AD-355D-4E13-A068-D372A3B35213}"
EndProject
Project("{FAE04EC0-301F-11D3-BF4B-00C04F79EFBC}") = "Lab9", "Lab9\Lab9.csproj", "{C8872EDF-DEF4-4D05-B5B0-ADFACADC912E}"
EndProject
Project("{FAE04EC0-301F-11D3-BF4B-00C04F79EFBC}") = "test", "test\test.csproj", "{016C859D-443F-4F76-9D38-60296F117B49}"
EndProject
Project("{FAE04EC0-301F-11D3-BF4B-00C04F79EFBC}") = "Lab11", "Lab11\Lab11.csproj", "{5C993B48-F7B1-4199-A8A0-BEF60FBF7969}"
EndProject
Project("{9A19103F-16F7-4668-BE54-9A1E7A4F7556}") = "Lab10", "Lab10\Lab10.csproj", "{31C1CC32-71AE-4A33-82BE-ABA5705B514B}"
EndProject
Project("{FAE04EC0-301F-11D3-BF4B-00C04F79EFBC}") = "Lab12", "Lab12\Lab12.csproj", "{91D58BF1-7D04-48D2-9BA0-3F24FC91740D}"
EndProject
Global
	GlobalSection(SolutionConfigurationPlatforms) = preSolution
		Debug|Any CPU = Debug|Any CPU
		Release|Any CPU = Release|Any CPU
	EndGlobalSection
	GlobalSection(ProjectConfigurationPlatforms) = postSolution
		{024B9C75-B089-40E2-BEB7-0FA4D3624994}.Debug|Any CPU.ActiveCfg = Debug|Any CPU
		{024B9C75-B089-40E2-BEB7-0FA4D3624994}.Debug|Any CPU.Build.0 = Debug|Any CPU
		{024B9C75-B089-40E2-BEB7-0FA4D3624994}.Release|Any CPU.ActiveCfg = Release|Any CPU
		{024B9C75-B089-40E2-BEB7-0FA4D3624994}.Release|Any CPU.Build.0 = Release|Any CPU
		{9C7BBAF3-DD1E-460A-A273-CF9A12D4E809}.Debug|Any CPU.ActiveCfg = Debug|Any CPU
		{9C7BBAF3-DD1E-460A-A273-CF9A12D4E809}.Debug|Any CPU.Build.0 = Debug|Any CPU
		{9C7BBAF3-DD1E-460A-A273-CF9A12D4E809}.Release|Any CPU.ActiveCfg = Release|Any CPU
		{9C7BBAF3-DD1E-460A-A273-CF9A12D4E809}.Release|Any CPU.Build.0 = Release|Any CPU
		{9B98175C-4473-4687-AD6D-7DD055116E6B}.Debug|Any CPU.ActiveCfg = Debug|Any CPU
		{9B98175C-4473-4687-AD6D-7DD055116E6B}.Debug|Any CPU.Build.0 = Debug|Any CPU
		{9B98175C-4473-4687-AD6D-7DD055116E6B}.Release|Any CPU.ActiveCfg = Release|Any CPU
		{9B98175C-4473-4687-AD6D-7DD055116E6B}.Release|Any CPU.Build.0 = Release|Any CPU
		{8EF66D3F-7AC3-40A2-B139-327455F364C8}.Debug|Any CPU.ActiveCfg = Debug|Any CPU
		{8EF66D3F-7AC3-40A2-B139-327455F364C8}.Debug|Any CPU.Build.0 = Debug|Any CPU
		{8EF66D3F-7AC3-40A2-B139-327455F364C8}.Release|Any CPU.ActiveCfg = Release|Any CPU
		{8EF66D3F-7AC3-40A2-B139-327455F364C8}.Release|Any CPU.Build.0 = Release|Any CPU
		{31C62076-74E5-43A3-8170-4BCB8545DDF5}.Debug|Any CPU.ActiveCfg = Debug|Any CPU
		{31C62076-74E5-43A3-8170-4BCB8545DDF5}.Debug|Any CPU.Build.0 = Debug|Any CPU
		{31C62076-74E5-43A3-8170-4BCB8545DDF5}.Release|Any CPU.ActiveCfg = Release|Any CPU
		{31C62076-74E5-43A3-8170-4BCB8545DDF5}.Release|Any CPU.Build.0 = Release|Any CPU
		{92D4A88B-B1BB-4FD7-BC20-0578BD2E0F46}.Debug|Any CPU.ActiveCfg = Debug|Any CPU
		{92D4A88B-B1BB-4FD7-BC20-0578BD2E0F46}.Debug|Any CPU.Build.0 = Debug|Any CPU
		{92D4A88B-B1BB-4FD7-BC20-0578BD2E0F46}.Release|Any CPU.ActiveCfg = Release|Any CPU
		{92D4A88B-B1BB-4FD7-BC20-0578BD2E0F46}.Release|Any CPU.Build.0 = Release|Any CPU
		{65D178A8-4599-40F1-B0D7-1DEF6051DF19}.Debug|Any CPU.ActiveCfg = Debug|Any CPU
		{65D178A8-4599-40F1-B0D7-1DEF6051DF19}.Debug|Any CPU.Build.0 = Debug|Any CPU
		{65D178A8-4599-40F1-B0D7-1DEF6051DF19}.Release|Any CPU.ActiveCfg = Release|Any CPU
		{65D178A8-4599-40F1-B0D7-1DEF6051DF19}.Release|Any CPU.Build.0 = Release|Any CPU
		{51A0D6AD-355D-4E13-A068-D372A3B35213}.Debug|Any CPU.ActiveCfg = Debug|Any CPU
		{51A0D6AD-355D-4E13-A068-D372A3B35213}.Debug|Any CPU.Build.0 = Debug|Any CPU
		{51A0D6AD-355D-4E13-A068-D372A3B35213}.Release|Any CPU.ActiveCfg = Release|Any CPU
		{51A0D6AD-355D-4E13-A068-D372A3B35213}.Release|Any CPU.Build.0 = Release|Any CPU
		{C8872EDF-DEF4-4D05-B5B0-ADFACADC912E}.Debug|Any CPU.ActiveCfg = Debug|Any CPU
		{C8872EDF-DEF4-4D05-B5B0-ADFACADC912E}.Debug|Any CPU.Build.0 = Debug|Any CPU
		{C8872EDF-DEF4-4D05-B5B0-ADFACADC912E}.Release|Any CPU.ActiveCfg = Release|Any CPU
		{C8872EDF-DEF4-4D05-B5B0-ADFACADC912E}.Release|Any CPU.Build.0 = Release|Any CPU
		{016C859D-443F-4F76-9D38-60296F117B49}.Debug|Any CPU.ActiveCfg = Debug|Any CPU
		{016C859D-443F-4F76-9D38-60296F117B49}.Debug|Any CPU.Build.0 = Debug|Any CPU
		{016C859D-443F-4F76-9D38-60296F117B49}.Release|Any CPU.ActiveCfg = Release|Any CPU
		{016C859D-443F-4F76-9D38-60296F117B49}.Release|Any CPU.Build.0 = Release|Any CPU
		{5C993B48-F7B1-4199-A8A0-BEF60FBF7969}.Debug|Any CPU.ActiveCfg = Debug|Any CPU
		{5C993B48-F7B1-4199-A8A0-BEF60FBF7969}.Debug|Any CPU.Build.0 = Debug|Any CPU
		{5C993B48-F7B1-4199-A8A0-BEF60FBF7969}.Release|Any CPU.ActiveCfg = Release|Any CPU
		{5C993B48-F7B1-4199-A8A0-BEF60FBF7969}.Release|Any CPU.Build.0 = Release|Any CPU
		{31C1CC32-71AE-4A33-82BE-ABA5705B514B}.Debug|Any CPU.ActiveCfg = Debug|Any CPU
		{31C1CC32-71AE-4A33-82BE-ABA5705B514B}.Debug|Any CPU.Build.0 = Debug|Any CPU
		{31C1CC32-71AE-4A33-82BE-ABA5705B514B}.Release|Any CPU.ActiveCfg = Release|Any CPU
		{31C1CC32-71AE-4A33-82BE-ABA5705B514B}.Release|Any CPU.Build.0 = Release|Any CPU
		{91D58BF1-7D04-48D2-9BA0-3F24FC91740D}.Debug|Any CPU.ActiveCfg = Debug|Any CPU
		{91D58BF1-7D04-48D2-9BA0-3F24FC91740D}.Debug|Any CPU.Build.0 = Debug|Any CPU
		{91D58BF1-7D04-48D2-9BA0-3F24FC91740D}.Release|Any CPU.ActiveCfg = Release|Any CPU
		{91D58BF1-7D04-48D2-9BA0-3F24FC91740D}.Release|Any CPU.Build.0 = Release|Any CPU
	EndGlobalSection
	GlobalSection(SolutionProperties) = preSolution
		HideSolutionNode = FALSE
	EndGlobalSection
	GlobalSection(ExtensibilityGlobals) = postSolution
		SolutionGuid = {C3559DFF-0B5C-4143-900C-7836060FD630}
	EndGlobalSection
EndGlobal
